
Microsoft Visual Studio Solution File, Format Version 12.00
# Visual Studio Version 16
VisualStudioVersion = 16.0.30503.244
MinimumVisualStudioVersion = 10.0.40219.1
Project("{FAE04EC0-301F-11D3-BF4B-00C04F79EFBC}") = "WebApplication1", "WebApplication1\WebApplication1.csproj", "{153512AE-62B0-4AD4-B212-A783F6E31899}"
EndProject
Project("{9A19103F-16F7-4668-BE54-9A1E7A4F7556}") = "EmrollmentManagment.BL", "EmrollmentManagment.BL\EmrollmentManagment.BL.csproj", "{4ECA7FD0-5F59-427C-9C18-1E0DECB08B12}"
EndProject
Project("{9A19103F-16F7-4668-BE54-9A1E7A4F7556}") = "EmrollmentManagment.BO", "EmrollmentManagment.BO\EmrollmentManagment.BO.csproj", "{F92697C0-363C-408C-95C4-652439622BEC}"
EndProject
Project("{9A19103F-16F7-4668-BE54-9A1E7A4F7556}") = "EmrollmentManagment.DAL", "EmrollmentManagment.DAL\EmrollmentManagment.DAL.csproj", "{81FC0FA9-862C-4AF3-B367-1C6BF1E72057}"
EndProject
Global
	GlobalSection(SolutionConfigurationPlatforms) = preSolution
		Debug|Any CPU = Debug|Any CPU
		Release|Any CPU = Release|Any CPU
	EndGlobalSection
	GlobalSection(ProjectConfigurationPlatforms) = postSolution
		{153512AE-62B0-4AD4-B212-A783F6E31899}.Debug|Any CPU.ActiveCfg = Debug|Any CPU
		{153512AE-62B0-4AD4-B212-A783F6E31899}.Debug|Any CPU.Build.0 = Debug|Any CPU
		{153512AE-62B0-4AD4-B212-A783F6E31899}.Release|Any CPU.ActiveCfg = Release|Any CPU
		{153512AE-62B0-4AD4-B212-A783F6E31899}.Release|Any CPU.Build.0 = Release|Any CPU
		{4ECA7FD0-5F59-427C-9C18-1E0DECB08B12}.Debug|Any CPU.ActiveCfg = Debug|Any CPU
		{4ECA7FD0-5F59-427C-9C18-1E0DECB08B12}.Debug|Any CPU.Build.0 = Debug|Any CPU
		{4ECA7FD0-5F59-427C-9C18-1E0DECB08B12}.Release|Any CPU.ActiveCfg = Release|Any CPU
		{4ECA7FD0-5F59-427C-9C18-1E0DECB08B12}.Release|Any CPU.Build.0 = Release|Any CPU
		{F92697C0-363C-408C-95C4-652439622BEC}.Debug|Any CPU.ActiveCfg = Debug|Any CPU
		{F92697C0-363C-408C-95C4-652439622BEC}.Debug|Any CPU.Build.0 = Debug|Any CPU
		{F92697C0-363C-408C-95C4-652439622BEC}.Release|Any CPU.ActiveCfg = Release|Any CPU
		{F92697C0-363C-408C-95C4-652439622BEC}.Release|Any CPU.Build.0 = Release|Any CPU
		{81FC0FA9-862C-4AF3-B367-1C6BF1E72057}.Debug|Any CPU.ActiveCfg = Debug|Any CPU
		{81FC0FA9-862C-4AF3-B367-1C6BF1E72057}.Debug|Any CPU.Build.0 = Debug|Any CPU
		{81FC0FA9-862C-4AF3-B367-1C6BF1E72057}.Release|Any CPU.ActiveCfg = Release|Any CPU
		{81FC0FA9-862C-4AF3-B367-1C6BF1E72057}.Release|Any CPU.Build.0 = Release|Any CPU
	EndGlobalSection
	GlobalSection(SolutionProperties) = preSolution
		HideSolutionNode = FALSE
	EndGlobalSection
	GlobalSection(ExtensibilityGlobals) = postSolution
		SolutionGuid = {14D0BBF2-6A0A-485D-94F4-EE0E6CB242CF}
	EndGlobalSection
EndGlobal
